
Microsoft Visual Studio Solution File, Format Version 12.00
# Visual Studio 15
VisualStudioVersion = 15.0.28307.902
MinimumVisualStudioVersion = 10.0.40219.1
Project("{FAE04EC0-301F-11D3-BF4B-00C04F79EFBC}") = "WebApplication2", "WebApplication2\WebApplication2.csproj", "{5DB23898-F6E0-4226-915A-8C0E25926008}"
EndProject
Project("{FAE04EC0-301F-11D3-BF4B-00C04F79EFBC}") = "WindowsFormsApp1", "WindowsFormsApp1\WindowsFormsApp1.csproj", "{E399E3F2-D217-4DAB-AB15-6CA1BECFEF53}"
EndProject
Global
	GlobalSection(SolutionConfigurationPlatforms) = preSolution
		Debug|Any CPU = Debug|Any CPU
		Release|Any CPU = Release|Any CPU
	EndGlobalSection
	GlobalSection(ProjectConfigurationPlatforms) = postSolution
		{5DB23898-F6E0-4226-915A-8C0E25926008}.Debug|Any CPU.ActiveCfg = Debug|Any CPU
		{5DB23898-F6E0-4226-915A-8C0E25926008}.Debug|Any CPU.Build.0 = Debug|Any CPU
		{5DB23898-F6E0-4226-915A-8C0E25926008}.Release|Any CPU.ActiveCfg = Release|Any CPU
		{5DB23898-F6E0-4226-915A-8C0E25926008}.Release|Any CPU.Build.0 = Release|Any CPU
		{E399E3F2-D217-4DAB-AB15-6CA1BECFEF53}.Debug|Any CPU.ActiveCfg = Debug|Any CPU
		{E399E3F2-D217-4DAB-AB15-6CA1BECFEF53}.Debug|Any CPU.Build.0 = Debug|Any CPU
		{E399E3F2-D217-4DAB-AB15-6CA1BECFEF53}.Release|Any CPU.ActiveCfg = Release|Any CPU
		{E399E3F2-D217-4DAB-AB15-6CA1BECFEF53}.Release|Any CPU.Build.0 = Release|Any CPU
	EndGlobalSection
	GlobalSection(SolutionProperties) = preSolution
		HideSolutionNode = FALSE
	EndGlobalSection
	GlobalSection(ExtensibilityGlobals) = postSolution
		SolutionGuid = {91BE842B-391D-43CB-A36D-1C19F7983D7C}
	EndGlobalSection
EndGlobal
